# THIS IS AN AUTOGENERATED FILE. DO NOT EDIT THIS FILE DIRECTLY.
# yarn lockfile v1


chord-symbol@^4.0.0:
  version "4.0.0"
  resolved "https://registry.yarnpkg.com/chord-symbol/-/chord-symbol-4.0.0.tgz#916603db52b028384991898217be9c89c3bcafdb"
  integrity sha512-GeECWgVsAAC85G1qpvZo9eLkhfN/9cfX1gD7IXiYFary+JvMIhef3w/Wrm9O6tmjdP5nNeIb3pKDYuA1z25SLg==
  dependencies:
    lodash "^4.17.21"

lodash@^4.17.21:
  version "4.17.21"
  resolved "https://registry.yarnpkg.com/lodash/-/lodash-4.17.21.tgz#679591c564c3bffaae8454cf0b3df370c3d6911c"
  integrity sha512-v2kDEe57lecTulaDIuNTPy3Ry4gLGJ6Z1O3vE1krgXZNrsQ+LFTGHVxVjcXPs17LhbZVGedAJv8XZ1tvj5FvSg==
