# THIS IS AN AUTOGENERATED FILE. DO NOT EDIT THIS FILE DIRECTLY.
# yarn lockfile v1


chord-symbol@^3.0.0:
  version "3.0.0"
  resolved "https://registry.yarnpkg.com/chord-symbol/-/chord-symbol-3.0.0.tgz#d16c4871f70fdaa5c1c13d837c865e0474e959db"
  integrity sha512-mONjRMrU1RFm/LWSN8Np4lq52mM6sqbB3JI7WMEDb15ZOqcUAMB2ttdzEfJDa6QQJPol+gZrMA4P0mJK8uiq7w==
  dependencies:
    lodash "^4.17.21"

lodash@^4.17.21:
  version "4.17.21"
  resolved "https://registry.yarnpkg.com/lodash/-/lodash-4.17.21.tgz#679591c564c3bffaae8454cf0b3df370c3d6911c"
  integrity sha512-v2kDEe57lecTulaDIuNTPy3Ry4gLGJ6Z1O3vE1krgXZNrsQ+LFTGHVxVjcXPs17LhbZVGedAJv8XZ1tvj5FvSg==
