# THIS IS AN AUTOGENERATED FILE. DO NOT EDIT THIS FILE DIRECTLY.
# yarn lockfile v1


chord-symbol@^4.0.0-beta.1:
  version "4.0.0-beta.1"
  resolved "https://registry.yarnpkg.com/chord-symbol/-/chord-symbol-4.0.0-beta.1.tgz#5d844cbfb9b82a30837a5d8ff2d7d7274b81bcba"
  integrity sha512-aXBhb9PwuMf6KDYYhaiX6JcCzM5ECU77NN3aKXFFzH/CqUrExzUJ8Wez7JC7hHhE4iGtkfmGjsdMsRxB6zYvRQ==
  dependencies:
    lodash "^4.17.21"

lodash@^4.17.21:
  version "4.17.21"
  resolved "https://registry.yarnpkg.com/lodash/-/lodash-4.17.21.tgz#679591c564c3bffaae8454cf0b3df370c3d6911c"
  integrity sha512-v2kDEe57lecTulaDIuNTPy3Ry4gLGJ6Z1O3vE1krgXZNrsQ+LFTGHVxVjcXPs17LhbZVGedAJv8XZ1tvj5FvSg==
